
Microsoft Visual Studio Solution File, Format Version 12.00
# Visual Studio Version 17
VisualStudioVersion = 17.8.34330.188
MinimumVisualStudioVersion = 10.0.40219.1
Project("{FAE04EC0-301F-11D3-BF4B-00C04F79EFBC}") = "HeroscapeBuilder.Server", "HeroscapeBuilder.Server\HeroscapeBuilder.Server.csproj", "{BC0F7455-D03A-4077-8ABE-9B12940828CB}"
EndProject
Project("{54A90642-561A-4BB1-A94E-469ADEE60C69}") = "heroscapebuilder.client", "heroscapebuilder.client\heroscapebuilder.client.esproj", "{3514A810-D927-47AC-9EFF-CECA49D86FE3}"
EndProject
Global
	GlobalSection(SolutionConfigurationPlatforms) = preSolution
		Debug|Any CPU = Debug|Any CPU
		Release|Any CPU = Release|Any CPU
	EndGlobalSection
	GlobalSection(ProjectConfigurationPlatforms) = postSolution
		{BC0F7455-D03A-4077-8ABE-9B12940828CB}.Debug|Any CPU.ActiveCfg = Debug|Any CPU
		{BC0F7455-D03A-4077-8ABE-9B12940828CB}.Debug|Any CPU.Build.0 = Debug|Any CPU
		{BC0F7455-D03A-4077-8ABE-9B12940828CB}.Release|Any CPU.ActiveCfg = Release|Any CPU
		{BC0F7455-D03A-4077-8ABE-9B12940828CB}.Release|Any CPU.Build.0 = Release|Any CPU
		{3514A810-D927-47AC-9EFF-CECA49D86FE3}.Debug|Any CPU.ActiveCfg = Debug|Any CPU
		{3514A810-D927-47AC-9EFF-CECA49D86FE3}.Debug|Any CPU.Build.0 = Debug|Any CPU
		{3514A810-D927-47AC-9EFF-CECA49D86FE3}.Debug|Any CPU.Deploy.0 = Debug|Any CPU
		{3514A810-D927-47AC-9EFF-CECA49D86FE3}.Release|Any CPU.ActiveCfg = Release|Any CPU
		{3514A810-D927-47AC-9EFF-CECA49D86FE3}.Release|Any CPU.Build.0 = Release|Any CPU
		{3514A810-D927-47AC-9EFF-CECA49D86FE3}.Release|Any CPU.Deploy.0 = Release|Any CPU
	EndGlobalSection
	GlobalSection(SolutionProperties) = preSolution
		HideSolutionNode = FALSE
	EndGlobalSection
	GlobalSection(ExtensibilityGlobals) = postSolution
		SolutionGuid = {2EB1E5DD-8D56-4995-B5E1-3455153FDAB5}
	EndGlobalSection
EndGlobal
